// !$*UTF8*$!
{
	archiveVersion = 1;
	classes = {
	};
	objectVersion = 77;
	objects = {

/* Begin PBXBuildFile section */
		E9CA1F4F2E3CE6CF00196A04 /* WhisperKit in Frameworks */ = {isa = PBXBuildFile; productRef = E9CA1F4E2E3CE6CF00196A04 /* WhisperKit */; };
		E9CA1F512E3CE6CF00196A04 /* whisperkit-cli in Frameworks */ = {isa = PBXBuildFile; productRef = E9CA1F502E3CE6CF00196A04 /* whisperkit-cli */; };
/* End PBXBuildFile section */

/* Begin PBXContainerItemProxy section */
		E9CA1F2F2E3CE0F600196A04 /* PBXContainerItemProxy */ = {
			isa = PBXContainerItemProxy;
			containerPortal = E9CA1F192E3CE0F500196A04 /* Project object */;
			proxyType = 1;
			remoteGlobalIDString = E9CA1F202E3CE0F500196A04;
			remoteInfo = WhisperApp;
		};
		E9CA1F392E3CE0F600196A04 /* PBXContainerItemProxy */ = {
			isa = PBXContainerItemProxy;
			containerPortal = E9CA1F192E3CE0F500196A04 /* Project object */;
			proxyType = 1;
			remoteGlobalIDString = E9CA1F202E3CE0F500196A04;
			remoteInfo = WhisperApp;
		};
/* End PBXContainerItemProxy section */

/* Begin PBXFileReference section */
		E9CA1F212E3CE0F500196A04 /* WhisperApp.app */ = {isa = PBXFileReference; explicitFileType = wrapper.application; includeInIndex = 0; path = WhisperApp.app; sourceTree = BUILT_PRODUCTS_DIR; };
		E9CA1F2E2E3CE0F600196A04 /* WhisperAppTests.xctest */ = {isa = PBXFileReference; explicitFileType = wrapper.cfbundle; includeInIndex = 0; path = WhisperAppTests.xctest; sourceTree = BUILT_PRODUCTS_DIR; };
		E9CA1F382E3CE0F600196A04 /* WhisperAppUITests.xctest */ = {isa = PBXFileReference; explicitFileType = wrapper.cfbundle; includeInIndex = 0; path = WhisperAppUITests.xctest; sourceTree = BUILT_PRODUCTS_DIR; };
/* End PBXFileReference section */

/* Begin PBXFileSystemSynchronizedBuildFileExceptionSet section */
		E9CA1F5F2E40C17600196A04 /* Exceptions for "WhisperApp" folder in "WhisperApp" target */ = {
			isa = PBXFileSystemSynchronizedBuildFileExceptionSet;
			membershipExceptions = (
				Info.plist,
			);
			target = E9CA1F202E3CE0F500196A04 /* WhisperApp */;
		};
/* End PBXFileSystemSynchronizedBuildFileExceptionSet section */

/* Begin PBXFileSystemSynchronizedRootGroup section */
		E9CA1F232E3CE0F500196A04 /* WhisperApp */ = {
			isa = PBXFileSystemSynchronizedRootGroup;
			exceptions = (
				E9CA1F5F2E40C17600196A04 /* Exceptions for "WhisperApp" folder in "WhisperApp" target */,
			);
			explicitFolders = (
				"openai_whisper-base",
				"openai_whisper-large-v3_turbo",
				"openai_whisper-medium",
				"openai_whisper-tiny",
				tokenizer,
			);
			path = WhisperApp;
			sourceTree = "<group>";
		};
		E9CA1F312E3CE0F600196A04 /* WhisperAppTests */ = {
			isa = PBXFileSystemSynchronizedRootGroup;
			path = WhisperAppTests;
			sourceTree = "<group>";
		};
		E9CA1F3B2E3CE0F600196A04 /* WhisperAppUITests */ = {
			isa = PBXFileSystemSynchronizedRootGroup;
			path = WhisperAppUITests;
			sourceTree = "<group>";
		};
/* End PBXFileSystemSynchronizedRootGroup section */

/* Begin PBXFrameworksBuildPhase section */
		E9CA1F1E2E3CE0F500196A04 /* Frameworks */ = {
			isa = PBXFrameworksBuildPhase;
			buildActionMask = 2147483647;
			files = (
				E9CA1F4F2E3CE6CF00196A04 /* WhisperKit in Frameworks */,
				E9CA1F512E3CE6CF00196A04 /* whisperkit-cli in Frameworks */,
			);
			runOnlyForDeploymentPostprocessing = 0;
		};
		E9CA1F2B2E3CE0F600196A04 /* Frameworks */ = {
			isa = PBXFrameworksBuildPhase;
			buildActionMask = 2147483647;
			files = (
			);
			runOnlyForDeploymentPostprocessing = 0;
		};
		E9CA1F352E3CE0F600196A04 /* Frameworks */ = {
			isa = PBXFrameworksBuildPhase;
			buildActionMask = 2147483647;
			files = (
			);
			runOnlyForDeploymentPostprocessing = 0;
		};
/* End PBXFrameworksBuildPhase section */

/* Begin PBXGroup section */
		E9CA1F182E3CE0F500196A04 = {
			isa = PBXGroup;
			children = (
				E9CA1F232E3CE0F500196A04 /* WhisperApp */,
				E9CA1F312E3CE0F600196A04 /* WhisperAppTests */,
				E9CA1F3B2E3CE0F600196A04 /* WhisperAppUITests */,
				E9CA1F222E3CE0F500196A04 /* Products */,
			);
			sourceTree = "<group>";
		};
		E9CA1F222E3CE0F500196A04 /* Products */ = {
			isa = PBXGroup;
			children = (
				E9CA1F212E3CE0F500196A04 /* WhisperApp.app */,
				E9CA1F2E2E3CE0F600196A04 /* WhisperAppTests.xctest */,
				E9CA1F382E3CE0F600196A04 /* WhisperAppUITests.xctest */,
			);
			name = Products;
			sourceTree = "<group>";
		};
/* End PBXGroup section */

/* Begin PBXNativeTarget section */
		E9CA1F202E3CE0F500196A04 /* WhisperApp */ = {
			isa = PBXNativeTarget;
			buildConfigurationList = E9CA1F422E3CE0F600196A04 /* Build configuration list for PBXNativeTarget "WhisperApp" */;
			buildPhases = (
				E9CA1F1D2E3CE0F500196A04 /* Sources */,
				E9CA1F1E2E3CE0F500196A04 /* Frameworks */,
				E9CA1F1F2E3CE0F500196A04 /* Resources */,
			);
			buildRules = (
			);
			dependencies = (
			);
			fileSystemSynchronizedGroups = (
				E9CA1F232E3CE0F500196A04 /* WhisperApp */,
			);
			name = WhisperApp;
			packageProductDependencies = (
				E9CA1F4E2E3CE6CF00196A04 /* WhisperKit */,
				E9CA1F502E3CE6CF00196A04 /* whisperkit-cli */,
			);
			productName = WhisperApp;
			productReference = E9CA1F212E3CE0F500196A04 /* WhisperApp.app */;
			productType = "com.apple.product-type.application";
		};
		E9CA1F2D2E3CE0F600196A04 /* WhisperAppTests */ = {
			isa = PBXNativeTarget;
			buildConfigurationList = E9CA1F452E3CE0F600196A04 /* Build configuration list for PBXNativeTarget "WhisperAppTests" */;
			buildPhases = (
				E9CA1F2A2E3CE0F600196A04 /* Sources */,
				E9CA1F2B2E3CE0F600196A04 /* Frameworks */,
				E9CA1F2C2E3CE0F600196A04 /* Resources */,
			);
			buildRules = (
			);
			dependencies = (
				E9CA1F302E3CE0F600196A04 /* PBXTargetDependency */,
			);
			fileSystemSynchronizedGroups = (
				E9CA1F312E3CE0F600196A04 /* WhisperAppTests */,
			);
			name = WhisperAppTests;
			packageProductDependencies = (
			);
			productName = WhisperAppTests;
			productReference = E9CA1F2E2E3CE0F600196A04 /* WhisperAppTests.xctest */;
			productType = "com.apple.product-type.bundle.unit-test";
		};
		E9CA1F372E3CE0F600196A04 /* WhisperAppUITests */ = {
			isa = PBXNativeTarget;
			buildConfigurationList = E9CA1F482E3CE0F600196A04 /* Build configuration list for PBXNativeTarget "WhisperAppUITests" */;
			buildPhases = (
				E9CA1F342E3CE0F600196A04 /* Sources */,
				E9CA1F352E3CE0F600196A04 /* Frameworks */,
				E9CA1F362E3CE0F600196A04 /* Resources */,
			);
			buildRules = (
			);
			dependencies = (
				E9CA1F3A2E3CE0F600196A04 /* PBXTargetDependency */,
			);
			fileSystemSynchronizedGroups = (
				E9CA1F3B2E3CE0F600196A04 /* WhisperAppUITests */,
			);
			name = WhisperAppUITests;
			packageProductDependencies = (
			);
			productName = WhisperAppUITests;
			productReference = E9CA1F382E3CE0F600196A04 /* WhisperAppUITests.xctest */;
			productType = "com.apple.product-type.bundle.ui-testing";
		};
/* End PBXNativeTarget section */

/* Begin PBXProject section */
		E9CA1F192E3CE0F500196A04 /* Project object */ = {
			isa = PBXProject;
			attributes = {
				BuildIndependentTargetsInParallel = 1;
				LastSwiftUpdateCheck = 1640;
				LastUpgradeCheck = 1640;
				TargetAttributes = {
					E9CA1F202E3CE0F500196A04 = {
						CreatedOnToolsVersion = 16.4;
					};
					E9CA1F2D2E3CE0F600196A04 = {
						CreatedOnToolsVersion = 16.4;
						TestTargetID = E9CA1F202E3CE0F500196A04;
					};
					E9CA1F372E3CE0F600196A04 = {
						CreatedOnToolsVersion = 16.4;
						TestTargetID = E9CA1F202E3CE0F500196A04;
					};
				};
			};
			buildConfigurationList = E9CA1F1C2E3CE0F500196A04 /* Build configuration list for PBXProject "WhisperApp" */;
			developmentRegion = en;
			hasScannedForEncodings = 0;
			knownRegions = (
				en,
				Base,
			);
			mainGroup = E9CA1F182E3CE0F500196A04;
			minimizedProjectReferenceProxies = 1;
			packageReferences = (
				E9CA1F4D2E3CE6CF00196A04 /* XCRemoteSwiftPackageReference "WhisperKit" */,
			);
			preferredProjectObjectVersion = 77;
			productRefGroup = E9CA1F222E3CE0F500196A04 /* Products */;
			projectDirPath = "";
			projectRoot = "";
			targets = (
				E9CA1F202E3CE0F500196A04 /* WhisperApp */,
				E9CA1F2D2E3CE0F600196A04 /* WhisperAppTests */,
				E9CA1F372E3CE0F600196A04 /* WhisperAppUITests */,
			);
		};
/* End PBXProject section */

/* Begin PBXResourcesBuildPhase section */
		E9CA1F1F2E3CE0F500196A04 /* Resources */ = {
			isa = PBXResourcesBuildPhase;
			buildActionMask = 2147483647;
			files = (
			);
			runOnlyForDeploymentPostprocessing = 0;
		};
		E9CA1F2C2E3CE0F600196A04 /* Resources */ = {
			isa = PBXResourcesBuildPhase;
			buildActionMask = 2147483647;
			files = (
			);
			runOnlyForDeploymentPostprocessing = 0;
		};
		E9CA1F362E3CE0F600196A04 /* Resources */ = {
			isa = PBXResourcesBuildPhase;
			buildActionMask = 2147483647;
			files = (
			);
			runOnlyForDeploymentPostprocessing = 0;
		};
/* End PBXResourcesBuildPhase section */

/* Begin PBXSourcesBuildPhase section */
		E9CA1F1D2E3CE0F500196A04 /* Sources */ = {
			isa = PBXSourcesBuildPhase;
			buildActionMask = 2147483647;
			files = (
			);
			runOnlyForDeploymentPostprocessing = 0;
		};
		E9CA1F2A2E3CE0F600196A04 /* Sources */ = {
			isa = PBXSourcesBuildPhase;
			buildActionMask = 2147483647;
			files = (
			);
			runOnlyForDeploymentPostprocessing = 0;
		};
		E9CA1F342E3CE0F600196A04 /* Sources */ = {
			isa = PBXSourcesBuildPhase;
			buildActionMask = 2147483647;
			files = (
			);
			runOnlyForDeploymentPostprocessing = 0;
		};
/* End PBXSourcesBuildPhase section */

/* Begin PBXTargetDependency section */
		E9CA1F302E3CE0F600196A04 /* PBXTargetDependency */ = {
			isa = PBXTargetDependency;
			target = E9CA1F202E3CE0F500196A04 /* WhisperApp */;
			targetProxy = E9CA1F2F2E3CE0F600196A04 /* PBXContainerItemProxy */;
		};
		E9CA1F3A2E3CE0F600196A04 /* PBXTargetDependency */ = {
			isa = PBXTargetDependency;
			target = E9CA1F202E3CE0F500196A04 /* WhisperApp */;
			targetProxy = E9CA1F392E3CE0F600196A04 /* PBXContainerItemProxy */;
		};
/* End PBXTargetDependency section */

/* Begin XCBuildConfiguration section */
		E9CA1F402E3CE0F600196A04 /* Debug */ = {
			isa = XCBuildConfiguration;
			buildSettings = {
				ALWAYS_SEARCH_USER_PATHS = NO;
				ASSETCATALOG_COMPILER_GENERATE_SWIFT_ASSET_SYMBOL_EXTENSIONS = YES;
				CLANG_ANALYZER_NONNULL = YES;
				CLANG_ANALYZER_NUMBER_OBJECT_CONVERSION = YES_AGGRESSIVE;
				CLANG_CXX_LANGUAGE_STANDARD = "gnu++20";
				CLANG_ENABLE_MODULES = YES;
				CLANG_ENABLE_OBJC_ARC = YES;
				CLANG_ENABLE_OBJC_WEAK = YES;
				CLANG_WARN_BLOCK_CAPTURE_AUTORELEASING = YES;
				CLANG_WARN_BOOL_CONVERSION = YES;
				CLANG_WARN_COMMA = YES;
				CLANG_WARN_CONSTANT_CONVERSION = YES;
				CLANG_WARN_DEPRECATED_OBJC_IMPLEMENTATIONS = YES;
				CLANG_WARN_DIRECT_OBJC_ISA_USAGE = YES_ERROR;
				CLANG_WARN_DOCUMENTATION_COMMENTS = YES;
				CLANG_WARN_EMPTY_BODY = YES;
				CLANG_WARN_ENUM_CONVERSION = YES;
				CLANG_WARN_INFINITE_RECURSION = YES;
				CLANG_WARN_INT_CONVERSION = YES;
				CLANG_WARN_NON_LITERAL_NULL_CONVERSION = YES;
				CLANG_WARN_OBJC_IMPLICIT_RETAIN_SELF = YES;
				CLANG_WARN_OBJC_LITERAL_CONVERSION = YES;
				CLANG_WARN_OBJC_ROOT_CLASS = YES_ERROR;
				CLANG_WARN_QUOTED_INCLUDE_IN_FRAMEWORK_HEADER = YES;
				CLANG_WARN_RANGE_LOOP_ANALYSIS = YES;
				CLANG_WARN_STRICT_PROTOTYPES = YES;
				CLANG_WARN_SUSPICIOUS_MOVE = YES;
				CLANG_WARN_UNGUARDED_AVAILABILITY = YES_AGGRESSIVE;
				CLANG_WARN_UNREACHABLE_CODE = YES;
				CLANG_WARN__DUPLICATE_METHOD_MATCH = YES;
				COPY_PHASE_STRIP = NO;
				DEBUG_INFORMATION_FORMAT = dwarf;
				ENABLE_STRICT_OBJC_MSGSEND = YES;
				ENABLE_TESTABILITY = YES;
				ENABLE_USER_SCRIPT_SANDBOXING = YES;
				GCC_C_LANGUAGE_STANDARD = gnu17;
				GCC_DYNAMIC_NO_PIC = NO;
				GCC_NO_COMMON_BLOCKS = YES;
				GCC_OPTIMIZATION_LEVEL = 0;
				GCC_PREPROCESSOR_DEFINITIONS = (
					"DEBUG=1",
					"$(inherited)",
				);
				GCC_WARN_64_TO_32_BIT_CONVERSION = YES;
				GCC_WARN_ABOUT_RETURN_TYPE = YES_ERROR;
				GCC_WARN_UNDECLARED_SELECTOR = YES;
				GCC_WARN_UNINITIALIZED_AUTOS = YES_AGGRESSIVE;
				GCC_WARN_UNUSED_FUNCTION = YES;
				GCC_WARN_UNUSED_VARIABLE = YES;
				IPHONEOS_DEPLOYMENT_TARGET = 18.5;
				LOCALIZATION_PREFERS_STRING_CATALOGS = YES;
				MTL_ENABLE_DEBUG_INFO = INCLUDE_SOURCE;
				MTL_FAST_MATH = YES;
				ONLY_ACTIVE_ARCH = YES;
				SDKROOT = iphoneos;
				SWIFT_ACTIVE_COMPILATION_CONDITIONS = "DEBUG $(inherited)";
				SWIFT_OPTIMIZATION_LEVEL = "-Onone";
			};
			name = Debug;
		};
		E9CA1F412E3CE0F600196A04 /* Release */ = {
			isa = XCBuildConfiguration;
			buildSettings = {
				ALWAYS_SEARCH_USER_PATHS = NO;
				ASSETCATALOG_COMPILER_GENERATE_SWIFT_ASSET_SYMBOL_EXTENSIONS = YES;
				CLANG_ANALYZER_NONNULL = YES;
				CLANG_ANALYZER_NUMBER_OBJECT_CONVERSION = YES_AGGRESSIVE;
				CLANG_CXX_LANGUAGE_STANDARD = "gnu++20";
				CLANG_ENABLE_MODULES = YES;
				CLANG_ENABLE_OBJC_ARC = YES;
				CLANG_ENABLE_OBJC_WEAK = YES;
				CLANG_WARN_BLOCK_CAPTURE_AUTORELEASING = YES;
				CLANG_WARN_BOOL_CONVERSION = YES;
				CLANG_WARN_COMMA = YES;
				CLANG_WARN_CONSTANT_CONVERSION = YES;
				CLANG_WARN_DEPRECATED_OBJC_IMPLEMENTATIONS = YES;
				CLANG_WARN_DIRECT_OBJC_ISA_USAGE = YES_ERROR;
				CLANG_WARN_DOCUMENTATION_COMMENTS = YES;
				CLANG_WARN_EMPTY_BODY = YES;
				CLANG_WARN_ENUM_CONVERSION = YES;
				CLANG_WARN_INFINITE_RECURSION = YES;
				CLANG_WARN_INT_CONVERSION = YES;
				CLANG_WARN_NON_LITERAL_NULL_CONVERSION = YES;
				CLANG_WARN_OBJC_IMPLICIT_RETAIN_SELF = YES;
				CLANG_WARN_OBJC_LITERAL_CONVERSION = YES;
				CLANG_WARN_OBJC_ROOT_CLASS = YES_ERROR;
				CLANG_WARN_QUOTED_INCLUDE_IN_FRAMEWORK_HEADER = YES;
				CLANG_WARN_RANGE_LOOP_ANALYSIS = YES;
				CLANG_WARN_STRICT_PROTOTYPES = YES;
				CLANG_WARN_SUSPICIOUS_MOVE = YES;
				CLANG_WARN_UNGUARDED_AVAILABILITY = YES_AGGRESSIVE;
				CLANG_WARN_UNREACHABLE_CODE = YES;
				CLANG_WARN__DUPLICATE_METHOD_MATCH = YES;
				COPY_PHASE_STRIP = NO;
				DEBUG_INFORMATION_FORMAT = "dwarf-with-dsym";
				ENABLE_NS_ASSERTIONS = NO;
				ENABLE_STRICT_OBJC_MSGSEND = YES;
				ENABLE_USER_SCRIPT_SANDBOXING = YES;
				GCC_C_LANGUAGE_STANDARD = gnu17;
				GCC_NO_COMMON_BLOCKS = YES;
				GCC_WARN_64_TO_32_BIT_CONVERSION = YES;
				GCC_WARN_ABOUT_RETURN_TYPE = YES_ERROR;
				GCC_WARN_UNDECLARED_SELECTOR = YES;
				GCC_WARN_UNINITIALIZED_AUTOS = YES_AGGRESSIVE;
				GCC_WARN_UNUSED_FUNCTION = YES;
				GCC_WARN_UNUSED_VARIABLE = YES;
				IPHONEOS_DEPLOYMENT_TARGET = 18.5;
				LOCALIZATION_PREFERS_STRING_CATALOGS = YES;
				MTL_ENABLE_DEBUG_INFO = NO;
				MTL_FAST_MATH = YES;
				SDKROOT = iphoneos;
				SWIFT_COMPILATION_MODE = wholemodule;
				VALIDATE_PRODUCT = YES;
			};
			name = Release;
		};
		E9CA1F432E3CE0F600196A04 /* Debug */ = {
			isa = XCBuildConfiguration;
			buildSettings = {
				ASSETCATALOG_COMPILER_APPICON_NAME = AppIcon;
				ASSETCATALOG_COMPILER_GLOBAL_ACCENT_COLOR_NAME = AccentColor;
				CODE_SIGN_STYLE = Automatic;
				CURRENT_PROJECT_VERSION = 1;
				DEVELOPMENT_TEAM = L6S37447M3;
				ENABLE_PREVIEWS = YES;
				GENERATE_INFOPLIST_FILE = YES;
				INFOPLIST_FILE = WhisperApp/Info.plist;
				INFOPLIST_KEY_NSMicrophoneUsageDescription = "Please allow access to the microphone for live transcription.";
				INFOPLIST_KEY_UIApplicationSceneManifest_Generation = YES;
				INFOPLIST_KEY_UIApplicationSupportsIndirectInputEvents = YES;
				INFOPLIST_KEY_UILaunchScreen_Generation = YES;
				INFOPLIST_KEY_UISupportedInterfaceOrientations_iPad = "UIInterfaceOrientationPortrait UIInterfaceOrientationPortraitUpsideDown UIInterfaceOrientationLandscapeLeft UIInterfaceOrientationLandscapeRight";
				INFOPLIST_KEY_UISupportedInterfaceOrientations_iPhone = "UIInterfaceOrientationPortrait UIInterfaceOrientationLandscapeLeft UIInterfaceOrientationLandscapeRight";
				LD_RUNPATH_SEARCH_PATHS = (
					"$(inherited)",
					"@executable_path/Frameworks",
				);
				MARKETING_VERSION = 1.0;
				PRODUCT_BUNDLE_IDENTIFIER = ans.WhisperApp;
				PRODUCT_NAME = "$(TARGET_NAME)";
				SWIFT_EMIT_LOC_STRINGS = YES;
				SWIFT_VERSION = 5.0;
				TARGETED_DEVICE_FAMILY = "1,2";
			};
			name = Debug;
		};
		E9CA1F442E3CE0F600196A04 /* Release */ = {
			isa = XCBuildConfiguration;
			buildSettings = {
				ASSETCATALOG_COMPILER_APPICON_NAME = AppIcon;
				ASSETCATALOG_COMPILER_GLOBAL_ACCENT_COLOR_NAME = AccentColor;
				CODE_SIGN_STYLE = Automatic;
				CURRENT_PROJECT_VERSION = 1;
				DEVELOPMENT_TEAM = L6S37447M3;
				ENABLE_PREVIEWS = YES;
				GENERATE_INFOPLIST_FILE = YES;
				INFOPLIST_FILE = WhisperApp/Info.plist;
				INFOPLIST_KEY_NSMicrophoneUsageDescription = "Please allow access to the microphone for live transcription.";
				INFOPLIST_KEY_UIApplicationSceneManifest_Generation = YES;
				INFOPLIST_KEY_UIApplicationSupportsIndirectInputEvents = YES;
				INFOPLIST_KEY_UILaunchScreen_Generation = YES;
				INFOPLIST_KEY_UISupportedInterfaceOrientations_iPad = "UIInterfaceOrientationPortrait UIInterfaceOrientationPortraitUpsideDown UIInterfaceOrientationLandscapeLeft UIInterfaceOrientationLandscapeRight";
				INFOPLIST_KEY_UISupportedInterfaceOrientations_iPhone = "UIInterfaceOrientationPortrait UIInterfaceOrientationLandscapeLeft UIInterfaceOrientationLandscapeRight";
				LD_RUNPATH_SEARCH_PATHS = (
					"$(inherited)",
					"@executable_path/Frameworks",
				);
				MARKETING_VERSION = 1.0;
				PRODUCT_BUNDLE_IDENTIFIER = ans.WhisperApp;
				PRODUCT_NAME = "$(TARGET_NAME)";
				SWIFT_EMIT_LOC_STRINGS = YES;
				SWIFT_VERSION = 5.0;
				TARGETED_DEVICE_FAMILY = "1,2";
			};
			name = Release;
		};
		E9CA1F462E3CE0F600196A04 /* Debug */ = {
			isa = XCBuildConfiguration;
			buildSettings = {
				BUNDLE_LOADER = "$(TEST_HOST)";
				CODE_SIGN_STYLE = Automatic;
				CURRENT_PROJECT_VERSION = 1;
				GENERATE_INFOPLIST_FILE = YES;
				IPHONEOS_DEPLOYMENT_TARGET = 18.5;
				MARKETING_VERSION = 1.0;
				PRODUCT_BUNDLE_IDENTIFIER = ans.WhisperAppTests;
				PRODUCT_NAME = "$(TARGET_NAME)";
				SWIFT_EMIT_LOC_STRINGS = NO;
				SWIFT_VERSION = 5.0;
				TARGETED_DEVICE_FAMILY = "1,2";
				TEST_HOST = "$(BUILT_PRODUCTS_DIR)/WhisperApp.app/$(BUNDLE_EXECUTABLE_FOLDER_PATH)/WhisperApp";
			};
			name = Debug;
		};
		E9CA1F472E3CE0F600196A04 /* Release */ = {
			isa = XCBuildConfiguration;
			buildSettings = {
				BUNDLE_LOADER = "$(TEST_HOST)";
				CODE_SIGN_STYLE = Automatic;
				CURRENT_PROJECT_VERSION = 1;
				GENERATE_INFOPLIST_FILE = YES;
				IPHONEOS_DEPLOYMENT_TARGET = 18.5;
				MARKETING_VERSION = 1.0;
				PRODUCT_BUNDLE_IDENTIFIER = ans.WhisperAppTests;
				PRODUCT_NAME = "$(TARGET_NAME)";
				SWIFT_EMIT_LOC_STRINGS = NO;
				SWIFT_VERSION = 5.0;
				TARGETED_DEVICE_FAMILY = "1,2";
				TEST_HOST = "$(BUILT_PRODUCTS_DIR)/WhisperApp.app/$(BUNDLE_EXECUTABLE_FOLDER_PATH)/WhisperApp";
			};
			name = Release;
		};
		E9CA1F492E3CE0F600196A04 /* Debug */ = {
			isa = XCBuildConfiguration;
			buildSettings = {
				CODE_SIGN_STYLE = Automatic;
				CURRENT_PROJECT_VERSION = 1;
				GENERATE_INFOPLIST_FILE = YES;
				MARKETING_VERSION = 1.0;
				PRODUCT_BUNDLE_IDENTIFIER = ans.WhisperAppUITests;
				PRODUCT_NAME = "$(TARGET_NAME)";
				SWIFT_EMIT_LOC_STRINGS = NO;
				SWIFT_VERSION = 5.0;
				TARGETED_DEVICE_FAMILY = "1,2";
				TEST_TARGET_NAME = WhisperApp;
			};
			name = Debug;
		};
		E9CA1F4A2E3CE0F600196A04 /* Release */ = {
			isa = XCBuildConfiguration;
			buildSettings = {
				CODE_SIGN_STYLE = Automatic;
				CURRENT_PROJECT_VERSION = 1;
				GENERATE_INFOPLIST_FILE = YES;
				MARKETING_VERSION = 1.0;
				PRODUCT_BUNDLE_IDENTIFIER = ans.WhisperAppUITests;
				PRODUCT_NAME = "$(TARGET_NAME)";
				SWIFT_EMIT_LOC_STRINGS = NO;
				SWIFT_VERSION = 5.0;
				TARGETED_DEVICE_FAMILY = "1,2";
				TEST_TARGET_NAME = WhisperApp;
			};
			name = Release;
		};
/* End XCBuildConfiguration section */

/* Begin XCConfigurationList section */
		E9CA1F1C2E3CE0F500196A04 /* Build configuration list for PBXProject "WhisperApp" */ = {
			isa = XCConfigurationList;
			buildConfigurations = (
				E9CA1F402E3CE0F600196A04 /* Debug */,
				E9CA1F412E3CE0F600196A04 /* Release */,
			);
			defaultConfigurationIsVisible = 0;
			defaultConfigurationName = Release;
		};
		E9CA1F422E3CE0F600196A04 /* Build configuration list for PBXNativeTarget "WhisperApp" */ = {
			isa = XCConfigurationList;
			buildConfigurations = (
				E9CA1F432E3CE0F600196A04 /* Debug */,
				E9CA1F442E3CE0F600196A04 /* Release */,
			);
			defaultConfigurationIsVisible = 0;
			defaultConfigurationName = Release;
		};
		E9CA1F452E3CE0F600196A04 /* Build configuration list for PBXNativeTarget "WhisperAppTests" */ = {
			isa = XCConfigurationList;
			buildConfigurations = (
				E9CA1F462E3CE0F600196A04 /* Debug */,
				E9CA1F472E3CE0F600196A04 /* Release */,
			);
			defaultConfigurationIsVisible = 0;
			defaultConfigurationName = Release;
		};
		E9CA1F482E3CE0F600196A04 /* Build configuration list for PBXNativeTarget "WhisperAppUITests" */ = {
			isa = XCConfigurationList;
			buildConfigurations = (
				E9CA1F492E3CE0F600196A04 /* Debug */,
				E9CA1F4A2E3CE0F600196A04 /* Release */,
			);
			defaultConfigurationIsVisible = 0;
			defaultConfigurationName = Release;
		};
/* End XCConfigurationList section */

/* Begin XCRemoteSwiftPackageReference section */
		E9CA1F4D2E3CE6CF00196A04 /* XCRemoteSwiftPackageReference "WhisperKit" */ = {
			isa = XCRemoteSwiftPackageReference;
			repositoryURL = "https://github.com/argmaxinc/WhisperKit.git";
			requirement = {
				branch = main;
				kind = branch;
			};
		};
/* End XCRemoteSwiftPackageReference section */

/* Begin XCSwiftPackageProductDependency section */
		E9CA1F4E2E3CE6CF00196A04 /* WhisperKit */ = {
			isa = XCSwiftPackageProductDependency;
			package = E9CA1F4D2E3CE6CF00196A04 /* XCRemoteSwiftPackageReference "WhisperKit" */;
			productName = WhisperKit;
		};
		E9CA1F502E3CE6CF00196A04 /* whisperkit-cli */ = {
			isa = XCSwiftPackageProductDependency;
			package = E9CA1F4D2E3CE6CF00196A04 /* XCRemoteSwiftPackageReference "WhisperKit" */;
			productName = "whisperkit-cli";
		};
/* End XCSwiftPackageProductDependency section */
	};
	rootObject = E9CA1F192E3CE0F500196A04 /* Project object */;
}
